// !$*UTF8*$!
{
	archiveVersion = 1;
	classes = {
	};
	objectVersion = 56;
	objects = {

/* Begin PBXBuildFile section */
		7B590CBC2CDE118500C31FC5 /* LoginViewModel.swift in Sources */ = {isa = PBXBuildFile; fileRef = 7B590CBB2CDE118500C31FC5 /* LoginViewModel.swift */; };
		7B590CC02CDE13F900C31FC5 /* LoginViewModelTest.swift in Sources */ = {isa = PBXBuildFile; fileRef = 7B590CBF2CDE13F900C31FC5 /* LoginViewModelTest.swift */; };
		7B8DC0882CDA209E00E91177 /* TestPipelinesApp.swift in Sources */ = {isa = PBXBuildFile; fileRef = 7B8DC0872CDA209E00E91177 /* TestPipelinesApp.swift */; };
		7B8DC08A2CDA209E00E91177 /* ContentView.swift in Sources */ = {isa = PBXBuildFile; fileRef = 7B8DC0892CDA209E00E91177 /* ContentView.swift */; };
		7B8DC08C2CDA209E00E91177 /* Item.swift in Sources */ = {isa = PBXBuildFile; fileRef = 7B8DC08B2CDA209E00E91177 /* Item.swift */; };
		7B8DC08E2CDA209F00E91177 /* Assets.xcassets in Resources */ = {isa = PBXBuildFile; fileRef = 7B8DC08D2CDA209F00E91177 /* Assets.xcassets */; };
		7B8DC0912CDA209F00E91177 /* Preview Assets.xcassets in Resources */ = {isa = PBXBuildFile; fileRef = 7B8DC0902CDA209F00E91177 /* Preview Assets.xcassets */; };
		7B8DC09B2CDA20A000E91177 /* TestPipelinesTests.swift in Sources */ = {isa = PBXBuildFile; fileRef = 7B8DC09A2CDA20A000E91177 /* TestPipelinesTests.swift */; };
		7B8DC0A52CDA20A000E91177 /* TestPipelinesUITests.swift in Sources */ = {isa = PBXBuildFile; fileRef = 7B8DC0A42CDA20A000E91177 /* TestPipelinesUITests.swift */; };
		7B8DC0A72CDA20A000E91177 /* TestPipelinesUITestsLaunchTests.swift in Sources */ = {isa = PBXBuildFile; fileRef = 7B8DC0A62CDA20A000E91177 /* TestPipelinesUITestsLaunchTests.swift */; };
		7B8DC0B42CDA239200E91177 /* ExportOptions.plist in Resources */ = {isa = PBXBuildFile; fileRef = 7B8DC0B32CDA239200E91177 /* ExportOptions.plist */; };
		7B9E21762CDB7EE90037C24E /* Pods_TestPipelinesTests.framework in Frameworks */ = {isa = PBXBuildFile; fileRef = 43ACC93D594928C556EFFC3D /* Pods_TestPipelinesTests.framework */; };
		7B9E21772CDB7EE90037C24E /* Pods_TestPipelinesTests.framework in Embed Frameworks */ = {isa = PBXBuildFile; fileRef = 43ACC93D594928C556EFFC3D /* Pods_TestPipelinesTests.framework */; settings = {ATTRIBUTES = (CodeSignOnCopy, RemoveHeadersOnCopy, ); }; };
		7B9E21792CDB7EFE0037C24E /* Pods_TestPipelines.framework in Frameworks */ = {isa = PBXBuildFile; fileRef = 33403B86CE0516EB43C67FD0 /* Pods_TestPipelines.framework */; };
		7B9E217A2CDB7EFE0037C24E /* Pods_TestPipelines.framework in Embed Frameworks */ = {isa = PBXBuildFile; fileRef = 33403B86CE0516EB43C67FD0 /* Pods_TestPipelines.framework */; settings = {ATTRIBUTES = (CodeSignOnCopy, RemoveHeadersOnCopy, ); }; };
		7B9E217C2CDB7F080037C24E /* Pods_TestPipelines_TestPipelinesUITests.framework in Frameworks */ = {isa = PBXBuildFile; fileRef = 2149478BB630ED540D3EB4F2 /* Pods_TestPipelines_TestPipelinesUITests.framework */; };
		7B9E217D2CDB7F080037C24E /* Pods_TestPipelines_TestPipelinesUITests.framework in Embed Frameworks */ = {isa = PBXBuildFile; fileRef = 2149478BB630ED540D3EB4F2 /* Pods_TestPipelines_TestPipelinesUITests.framework */; settings = {ATTRIBUTES = (CodeSignOnCopy, RemoveHeadersOnCopy, ); }; };
/* End PBXBuildFile section */

/* Begin PBXContainerItemProxy section */
		7B8DC0972CDA20A000E91177 /* PBXContainerItemProxy */ = {
			isa = PBXContainerItemProxy;
			containerPortal = 7B8DC07C2CDA209E00E91177 /* Project object */;
			proxyType = 1;
			remoteGlobalIDString = 7B8DC0832CDA209E00E91177;
			remoteInfo = TestPipelines;
		};
		7B8DC0A12CDA20A000E91177 /* PBXContainerItemProxy */ = {
			isa = PBXContainerItemProxy;
			containerPortal = 7B8DC07C2CDA209E00E91177 /* Project object */;
			proxyType = 1;
			remoteGlobalIDString = 7B8DC0832CDA209E00E91177;
			remoteInfo = TestPipelines;
		};
/* End PBXContainerItemProxy section */

/* Begin PBXCopyFilesBuildPhase section */
		7B9E21782CDB7EE90037C24E /* Embed Frameworks */ = {
			isa = PBXCopyFilesBuildPhase;
			buildActionMask = 2147483647;
			dstPath = "";
			dstSubfolderSpec = 10;
			files = (
				7B9E21772CDB7EE90037C24E /* Pods_TestPipelinesTests.framework in Embed Frameworks */,
			);
			name = "Embed Frameworks";
			runOnlyForDeploymentPostprocessing = 0;
		};
		7B9E217B2CDB7EFF0037C24E /* Embed Frameworks */ = {
			isa = PBXCopyFilesBuildPhase;
			buildActionMask = 2147483647;
			dstPath = "";
			dstSubfolderSpec = 10;
			files = (
				7B9E217A2CDB7EFE0037C24E /* Pods_TestPipelines.framework in Embed Frameworks */,
			);
			name = "Embed Frameworks";
			runOnlyForDeploymentPostprocessing = 0;
		};
		7B9E217E2CDB7F080037C24E /* Embed Frameworks */ = {
			isa = PBXCopyFilesBuildPhase;
			buildActionMask = 2147483647;
			dstPath = "";
			dstSubfolderSpec = 10;
			files = (
				7B9E217D2CDB7F080037C24E /* Pods_TestPipelines_TestPipelinesUITests.framework in Embed Frameworks */,
			);
			name = "Embed Frameworks";
			runOnlyForDeploymentPostprocessing = 0;
		};
/* End PBXCopyFilesBuildPhase section */

/* Begin PBXFileReference section */
		1E056CCB877C5AE12BDDB24E /* Pods-TestPipelinesTests.debug.xcconfig */ = {isa = PBXFileReference; includeInIndex = 1; lastKnownFileType = text.xcconfig; name = "Pods-TestPipelinesTests.debug.xcconfig"; path = "Target Support Files/Pods-TestPipelinesTests/Pods-TestPipelinesTests.debug.xcconfig"; sourceTree = "<group>"; };
		2149478BB630ED540D3EB4F2 /* Pods_TestPipelines_TestPipelinesUITests.framework */ = {isa = PBXFileReference; explicitFileType = wrapper.framework; includeInIndex = 0; path = Pods_TestPipelines_TestPipelinesUITests.framework; sourceTree = BUILT_PRODUCTS_DIR; };
		33403B86CE0516EB43C67FD0 /* Pods_TestPipelines.framework */ = {isa = PBXFileReference; explicitFileType = wrapper.framework; includeInIndex = 0; path = Pods_TestPipelines.framework; sourceTree = BUILT_PRODUCTS_DIR; };
		43ACC93D594928C556EFFC3D /* Pods_TestPipelinesTests.framework */ = {isa = PBXFileReference; explicitFileType = wrapper.framework; includeInIndex = 0; path = Pods_TestPipelinesTests.framework; sourceTree = BUILT_PRODUCTS_DIR; };
		46547ADF6CD8A5D793250AF8 /* Pods-TestPipelines.debug.xcconfig */ = {isa = PBXFileReference; includeInIndex = 1; lastKnownFileType = text.xcconfig; name = "Pods-TestPipelines.debug.xcconfig"; path = "Target Support Files/Pods-TestPipelines/Pods-TestPipelines.debug.xcconfig"; sourceTree = "<group>"; };
		7B590CBB2CDE118500C31FC5 /* LoginViewModel.swift */ = {isa = PBXFileReference; lastKnownFileType = sourcecode.swift; path = LoginViewModel.swift; sourceTree = "<group>"; };
		7B590CBF2CDE13F900C31FC5 /* LoginViewModelTest.swift */ = {isa = PBXFileReference; lastKnownFileType = sourcecode.swift; path = LoginViewModelTest.swift; sourceTree = "<group>"; };
		7B8DC0842CDA209E00E91177 /* TestPipelines.app */ = {isa = PBXFileReference; explicitFileType = wrapper.application; includeInIndex = 0; path = TestPipelines.app; sourceTree = BUILT_PRODUCTS_DIR; };
		7B8DC0872CDA209E00E91177 /* TestPipelinesApp.swift */ = {isa = PBXFileReference; lastKnownFileType = sourcecode.swift; path = TestPipelinesApp.swift; sourceTree = "<group>"; };
		7B8DC0892CDA209E00E91177 /* ContentView.swift */ = {isa = PBXFileReference; lastKnownFileType = sourcecode.swift; path = ContentView.swift; sourceTree = "<group>"; };
		7B8DC08B2CDA209E00E91177 /* Item.swift */ = {isa = PBXFileReference; lastKnownFileType = sourcecode.swift; path = Item.swift; sourceTree = "<group>"; };
		7B8DC08D2CDA209F00E91177 /* Assets.xcassets */ = {isa = PBXFileReference; lastKnownFileType = folder.assetcatalog; path = Assets.xcassets; sourceTree = "<group>"; };
		7B8DC0902CDA209F00E91177 /* Preview Assets.xcassets */ = {isa = PBXFileReference; lastKnownFileType = folder.assetcatalog; path = "Preview Assets.xcassets"; sourceTree = "<group>"; };
		7B8DC0962CDA20A000E91177 /* TestPipelinesTests.xctest */ = {isa = PBXFileReference; explicitFileType = wrapper.cfbundle; includeInIndex = 0; path = TestPipelinesTests.xctest; sourceTree = BUILT_PRODUCTS_DIR; };
		7B8DC09A2CDA20A000E91177 /* TestPipelinesTests.swift */ = {isa = PBXFileReference; lastKnownFileType = sourcecode.swift; path = TestPipelinesTests.swift; sourceTree = "<group>"; };
		7B8DC0A02CDA20A000E91177 /* TestPipelinesUITests.xctest */ = {isa = PBXFileReference; explicitFileType = wrapper.cfbundle; includeInIndex = 0; path = TestPipelinesUITests.xctest; sourceTree = BUILT_PRODUCTS_DIR; };
		7B8DC0A42CDA20A000E91177 /* TestPipelinesUITests.swift */ = {isa = PBXFileReference; lastKnownFileType = sourcecode.swift; path = TestPipelinesUITests.swift; sourceTree = "<group>"; };
		7B8DC0A62CDA20A000E91177 /* TestPipelinesUITestsLaunchTests.swift */ = {isa = PBXFileReference; lastKnownFileType = sourcecode.swift; path = TestPipelinesUITestsLaunchTests.swift; sourceTree = "<group>"; };
		7B8DC0B32CDA239200E91177 /* ExportOptions.plist */ = {isa = PBXFileReference; fileEncoding = 4; lastKnownFileType = text.plist.xml; path = ExportOptions.plist; sourceTree = "<group>"; };
		A2910E48F3F4090007674E8B /* Pods-TestPipelinesTests.release.xcconfig */ = {isa = PBXFileReference; includeInIndex = 1; lastKnownFileType = text.xcconfig; name = "Pods-TestPipelinesTests.release.xcconfig"; path = "Target Support Files/Pods-TestPipelinesTests/Pods-TestPipelinesTests.release.xcconfig"; sourceTree = "<group>"; };
		C2185677070906CF8B02EC30 /* Pods-TestPipelines.release.xcconfig */ = {isa = PBXFileReference; includeInIndex = 1; lastKnownFileType = text.xcconfig; name = "Pods-TestPipelines.release.xcconfig"; path = "Target Support Files/Pods-TestPipelines/Pods-TestPipelines.release.xcconfig"; sourceTree = "<group>"; };
		D34D520083641FD515377A12 /* Pods-TestPipelines-TestPipelinesUITests.release.xcconfig */ = {isa = PBXFileReference; includeInIndex = 1; lastKnownFileType = text.xcconfig; name = "Pods-TestPipelines-TestPipelinesUITests.release.xcconfig"; path = "Target Support Files/Pods-TestPipelines-TestPipelinesUITests/Pods-TestPipelines-TestPipelinesUITests.release.xcconfig"; sourceTree = "<group>"; };
		EB197CE619CB6B0DC5CF5510 /* Pods-TestPipelines-TestPipelinesUITests.debug.xcconfig */ = {isa = PBXFileReference; includeInIndex = 1; lastKnownFileType = text.xcconfig; name = "Pods-TestPipelines-TestPipelinesUITests.debug.xcconfig"; path = "Target Support Files/Pods-TestPipelines-TestPipelinesUITests/Pods-TestPipelines-TestPipelinesUITests.debug.xcconfig"; sourceTree = "<group>"; };
/* End PBXFileReference section */

/* Begin PBXFrameworksBuildPhase section */
		7B8DC0812CDA209E00E91177 /* Frameworks */ = {
			isa = PBXFrameworksBuildPhase;
			buildActionMask = 2147483647;
			files = (
				7B9E21792CDB7EFE0037C24E /* Pods_TestPipelines.framework in Frameworks */,
			);
			runOnlyForDeploymentPostprocessing = 0;
		};
		7B8DC0932CDA20A000E91177 /* Frameworks */ = {
			isa = PBXFrameworksBuildPhase;
			buildActionMask = 2147483647;
			files = (
				7B9E21762CDB7EE90037C24E /* Pods_TestPipelinesTests.framework in Frameworks */,
			);
			runOnlyForDeploymentPostprocessing = 0;
		};
		7B8DC09D2CDA20A000E91177 /* Frameworks */ = {
			isa = PBXFrameworksBuildPhase;
			buildActionMask = 2147483647;
			files = (
				7B9E217C2CDB7F080037C24E /* Pods_TestPipelines_TestPipelinesUITests.framework in Frameworks */,
			);
			runOnlyForDeploymentPostprocessing = 0;
		};
/* End PBXFrameworksBuildPhase section */

/* Begin PBXGroup section */
		7B590CBA2CDE117700C31FC5 /* Logics */ = {
			isa = PBXGroup;
			children = (
				7B590CBB2CDE118500C31FC5 /* LoginViewModel.swift */,
			);
			path = Logics;
			sourceTree = "<group>";
		};
		7B8DC07B2CDA209E00E91177 = {
			isa = PBXGroup;
			children = (
				7B8DC0862CDA209E00E91177 /* TestPipelines */,
				7B8DC0992CDA20A000E91177 /* TestPipelinesTests */,
				7B8DC0A32CDA20A000E91177 /* TestPipelinesUITests */,
				7B8DC0852CDA209E00E91177 /* Products */,
				95D3B979F52BA481700E22E1 /* Pods */,
				B5A59E4AB26B5FE2258D4BD0 /* Frameworks */,
			);
			sourceTree = "<group>";
		};
		7B8DC0852CDA209E00E91177 /* Products */ = {
			isa = PBXGroup;
			children = (
				7B8DC0842CDA209E00E91177 /* TestPipelines.app */,
				7B8DC0962CDA20A000E91177 /* TestPipelinesTests.xctest */,
				7B8DC0A02CDA20A000E91177 /* TestPipelinesUITests.xctest */,
			);
			name = Products;
			sourceTree = "<group>";
		};
		7B8DC0862CDA209E00E91177 /* TestPipelines */ = {
			isa = PBXGroup;
			children = (
				7B590CBA2CDE117700C31FC5 /* Logics */,
				7B8DC0B32CDA239200E91177 /* ExportOptions.plist */,
				7B8DC0872CDA209E00E91177 /* TestPipelinesApp.swift */,
				7B8DC0892CDA209E00E91177 /* ContentView.swift */,
				7B8DC08B2CDA209E00E91177 /* Item.swift */,
				7B8DC08D2CDA209F00E91177 /* Assets.xcassets */,
				7B8DC08F2CDA209F00E91177 /* Preview Content */,
			);
			path = TestPipelines;
			sourceTree = "<group>";
		};
		7B8DC08F2CDA209F00E91177 /* Preview Content */ = {
			isa = PBXGroup;
			children = (
				7B8DC0902CDA209F00E91177 /* Preview Assets.xcassets */,
			);
			path = "Preview Content";
			sourceTree = "<group>";
		};
		7B8DC0992CDA20A000E91177 /* TestPipelinesTests */ = {
			isa = PBXGroup;
			children = (
				7B8DC09A2CDA20A000E91177 /* TestPipelinesTests.swift */,
				7B590CBF2CDE13F900C31FC5 /* LoginViewModelTest.swift */,
			);
			path = TestPipelinesTests;
			sourceTree = "<group>";
		};
		7B8DC0A32CDA20A000E91177 /* TestPipelinesUITests */ = {
			isa = PBXGroup;
			children = (
				7B8DC0A42CDA20A000E91177 /* TestPipelinesUITests.swift */,
				7B8DC0A62CDA20A000E91177 /* TestPipelinesUITestsLaunchTests.swift */,
			);
			path = TestPipelinesUITests;
			sourceTree = "<group>";
		};
		95D3B979F52BA481700E22E1 /* Pods */ = {
			isa = PBXGroup;
			children = (
				46547ADF6CD8A5D793250AF8 /* Pods-TestPipelines.debug.xcconfig */,
				C2185677070906CF8B02EC30 /* Pods-TestPipelines.release.xcconfig */,
				EB197CE619CB6B0DC5CF5510 /* Pods-TestPipelines-TestPipelinesUITests.debug.xcconfig */,
				D34D520083641FD515377A12 /* Pods-TestPipelines-TestPipelinesUITests.release.xcconfig */,
				1E056CCB877C5AE12BDDB24E /* Pods-TestPipelinesTests.debug.xcconfig */,
				A2910E48F3F4090007674E8B /* Pods-TestPipelinesTests.release.xcconfig */,
			);
			path = Pods;
			sourceTree = "<group>";
		};
		B5A59E4AB26B5FE2258D4BD0 /* Frameworks */ = {
			isa = PBXGroup;
			children = (
				33403B86CE0516EB43C67FD0 /* Pods_TestPipelines.framework */,
				2149478BB630ED540D3EB4F2 /* Pods_TestPipelines_TestPipelinesUITests.framework */,
				43ACC93D594928C556EFFC3D /* Pods_TestPipelinesTests.framework */,
			);
			name = Frameworks;
			sourceTree = "<group>";
		};
/* End PBXGroup section */

/* Begin PBXNativeTarget section */
		7B8DC0832CDA209E00E91177 /* TestPipelines */ = {
			isa = PBXNativeTarget;
			buildConfigurationList = 7B8DC0AA2CDA20A000E91177 /* Build configuration list for PBXNativeTarget "TestPipelines" */;
			buildPhases = (
				281E38053E4A0C27169908A8 /* [CP] Check Pods Manifest.lock */,
				7B8DC0802CDA209E00E91177 /* Sources */,
				7B8DC0812CDA209E00E91177 /* Frameworks */,
				7B8DC0822CDA209E00E91177 /* Resources */,
				7B9E217B2CDB7EFF0037C24E /* Embed Frameworks */,
			);
			buildRules = (
			);
			dependencies = (
			);
			name = TestPipelines;
			productName = TestPipelines;
			productReference = 7B8DC0842CDA209E00E91177 /* TestPipelines.app */;
			productType = "com.apple.product-type.application";
		};
		7B8DC0952CDA20A000E91177 /* TestPipelinesTests */ = {
			isa = PBXNativeTarget;
			buildConfigurationList = 7B8DC0AD2CDA20A000E91177 /* Build configuration list for PBXNativeTarget "TestPipelinesTests" */;
			buildPhases = (
				FECE1E81BC4CA2AF2674DA89 /* [CP] Check Pods Manifest.lock */,
				7B8DC0922CDA20A000E91177 /* Sources */,
				7B8DC0932CDA20A000E91177 /* Frameworks */,
				7B8DC0942CDA20A000E91177 /* Resources */,
				7B9E21782CDB7EE90037C24E /* Embed Frameworks */,
			);
			buildRules = (
			);
			dependencies = (
				7B8DC0982CDA20A000E91177 /* PBXTargetDependency */,
			);
			name = TestPipelinesTests;
			productName = TestPipelinesTests;
			productReference = 7B8DC0962CDA20A000E91177 /* TestPipelinesTests.xctest */;
			productType = "com.apple.product-type.bundle.unit-test";
		};
		7B8DC09F2CDA20A000E91177 /* TestPipelinesUITests */ = {
			isa = PBXNativeTarget;
			buildConfigurationList = 7B8DC0B02CDA20A000E91177 /* Build configuration list for PBXNativeTarget "TestPipelinesUITests" */;
			buildPhases = (
				C245A53D946C3558CD7FC670 /* [CP] Check Pods Manifest.lock */,
				7B8DC09C2CDA20A000E91177 /* Sources */,
				7B8DC09D2CDA20A000E91177 /* Frameworks */,
				7B8DC09E2CDA20A000E91177 /* Resources */,
				7B9E217E2CDB7F080037C24E /* Embed Frameworks */,
			);
			buildRules = (
			);
			dependencies = (
				7B8DC0A22CDA20A000E91177 /* PBXTargetDependency */,
			);
			name = TestPipelinesUITests;
			productName = TestPipelinesUITests;
			productReference = 7B8DC0A02CDA20A000E91177 /* TestPipelinesUITests.xctest */;
			productType = "com.apple.product-type.bundle.ui-testing";
		};
/* End PBXNativeTarget section */

/* Begin PBXProject section */
		7B8DC07C2CDA209E00E91177 /* Project object */ = {
			isa = PBXProject;
			attributes = {
				BuildIndependentTargetsInParallel = 1;
				LastSwiftUpdateCheck = 1540;
				LastUpgradeCheck = 1540;
				TargetAttributes = {
					7B8DC0832CDA209E00E91177 = {
						CreatedOnToolsVersion = 15.4;
					};
					7B8DC0952CDA20A000E91177 = {
						CreatedOnToolsVersion = 15.4;
						TestTargetID = 7B8DC0832CDA209E00E91177;
					};
					7B8DC09F2CDA20A000E91177 = {
						CreatedOnToolsVersion = 15.4;
						TestTargetID = 7B8DC0832CDA209E00E91177;
					};
				};
			};
			buildConfigurationList = 7B8DC07F2CDA209E00E91177 /* Build configuration list for PBXProject "TestPipelines" */;
			compatibilityVersion = "Xcode 14.0";
			developmentRegion = en;
			hasScannedForEncodings = 0;
			knownRegions = (
				en,
				Base,
			);
			mainGroup = 7B8DC07B2CDA209E00E91177;
			productRefGroup = 7B8DC0852CDA209E00E91177 /* Products */;
			projectDirPath = "";
			projectRoot = "";
			targets = (
				7B8DC0832CDA209E00E91177 /* TestPipelines */,
				7B8DC0952CDA20A000E91177 /* TestPipelinesTests */,
				7B8DC09F2CDA20A000E91177 /* TestPipelinesUITests */,
			);
		};
/* End PBXProject section */

/* Begin PBXResourcesBuildPhase section */
		7B8DC0822CDA209E00E91177 /* Resources */ = {
			isa = PBXResourcesBuildPhase;
			buildActionMask = 2147483647;
			files = (
				7B8DC0912CDA209F00E91177 /* Preview Assets.xcassets in Resources */,
				7B8DC08E2CDA209F00E91177 /* Assets.xcassets in Resources */,
				7B8DC0B42CDA239200E91177 /* ExportOptions.plist in Resources */,
			);
			runOnlyForDeploymentPostprocessing = 0;
		};
		7B8DC0942CDA20A000E91177 /* Resources */ = {
			isa = PBXResourcesBuildPhase;
			buildActionMask = 2147483647;
			files = (
			);
			runOnlyForDeploymentPostprocessing = 0;
		};
		7B8DC09E2CDA20A000E91177 /* Resources */ = {
			isa = PBXResourcesBuildPhase;
			buildActionMask = 2147483647;
			files = (
			);
			runOnlyForDeploymentPostprocessing = 0;
		};
/* End PBXResourcesBuildPhase section */

/* Begin PBXShellScriptBuildPhase section */
		281E38053E4A0C27169908A8 /* [CP] Check Pods Manifest.lock */ = {
			isa = PBXShellScriptBuildPhase;
			buildActionMask = 2147483647;
			files = (
			);
			inputFileListPaths = (
			);
			inputPaths = (
				"${PODS_PODFILE_DIR_PATH}/Podfile.lock",
				"${PODS_ROOT}/Manifest.lock",
			);
			name = "[CP] Check Pods Manifest.lock";
			outputFileListPaths = (
			);
			outputPaths = (
				"$(DERIVED_FILE_DIR)/Pods-TestPipelines-checkManifestLockResult.txt",
			);
			runOnlyForDeploymentPostprocessing = 0;
			shellPath = /bin/sh;
			shellScript = "diff \"${PODS_PODFILE_DIR_PATH}/Podfile.lock\" \"${PODS_ROOT}/Manifest.lock\" > /dev/null\nif [ $? != 0 ] ; then\n    # print error to STDERR\n    echo \"error: The sandbox is not in sync with the Podfile.lock. Run 'pod install' or update your CocoaPods installation.\" >&2\n    exit 1\nfi\n# This output is used by Xcode 'outputs' to avoid re-running this script phase.\necho \"SUCCESS\" > \"${SCRIPT_OUTPUT_FILE_0}\"\n";
			showEnvVarsInLog = 0;
		};
		C245A53D946C3558CD7FC670 /* [CP] Check Pods Manifest.lock */ = {
			isa = PBXShellScriptBuildPhase;
			buildActionMask = 2147483647;
			files = (
			);
			inputFileListPaths = (
			);
			inputPaths = (
				"${PODS_PODFILE_DIR_PATH}/Podfile.lock",
				"${PODS_ROOT}/Manifest.lock",
			);
			name = "[CP] Check Pods Manifest.lock";
			outputFileListPaths = (
			);
			outputPaths = (
				"$(DERIVED_FILE_DIR)/Pods-TestPipelines-TestPipelinesUITests-checkManifestLockResult.txt",
			);
			runOnlyForDeploymentPostprocessing = 0;
			shellPath = /bin/sh;
			shellScript = "diff \"${PODS_PODFILE_DIR_PATH}/Podfile.lock\" \"${PODS_ROOT}/Manifest.lock\" > /dev/null\nif [ $? != 0 ] ; then\n    # print error to STDERR\n    echo \"error: The sandbox is not in sync with the Podfile.lock. Run 'pod install' or update your CocoaPods installation.\" >&2\n    exit 1\nfi\n# This output is used by Xcode 'outputs' to avoid re-running this script phase.\necho \"SUCCESS\" > \"${SCRIPT_OUTPUT_FILE_0}\"\n";
			showEnvVarsInLog = 0;
		};
		FECE1E81BC4CA2AF2674DA89 /* [CP] Check Pods Manifest.lock */ = {
			isa = PBXShellScriptBuildPhase;
			buildActionMask = 2147483647;
			files = (
			);
			inputFileListPaths = (
			);
			inputPaths = (
				"${PODS_PODFILE_DIR_PATH}/Podfile.lock",
				"${PODS_ROOT}/Manifest.lock",
			);
			name = "[CP] Check Pods Manifest.lock";
			outputFileListPaths = (
			);
			outputPaths = (
				"$(DERIVED_FILE_DIR)/Pods-TestPipelinesTests-checkManifestLockResult.txt",
			);
			runOnlyForDeploymentPostprocessing = 0;
			shellPath = /bin/sh;
			shellScript = "diff \"${PODS_PODFILE_DIR_PATH}/Podfile.lock\" \"${PODS_ROOT}/Manifest.lock\" > /dev/null\nif [ $? != 0 ] ; then\n    # print error to STDERR\n    echo \"error: The sandbox is not in sync with the Podfile.lock. Run 'pod install' or update your CocoaPods installation.\" >&2\n    exit 1\nfi\n# This output is used by Xcode 'outputs' to avoid re-running this script phase.\necho \"SUCCESS\" > \"${SCRIPT_OUTPUT_FILE_0}\"\n";
			showEnvVarsInLog = 0;
		};
/* End PBXShellScriptBuildPhase section */

/* Begin PBXSourcesBuildPhase section */
		7B8DC0802CDA209E00E91177 /* Sources */ = {
			isa = PBXSourcesBuildPhase;
			buildActionMask = 2147483647;
			files = (
				7B590CBC2CDE118500C31FC5 /* LoginViewModel.swift in Sources */,
				7B8DC08A2CDA209E00E91177 /* ContentView.swift in Sources */,
				7B8DC08C2CDA209E00E91177 /* Item.swift in Sources */,
				7B8DC0882CDA209E00E91177 /* TestPipelinesApp.swift in Sources */,
			);
			runOnlyForDeploymentPostprocessing = 0;
		};
		7B8DC0922CDA20A000E91177 /* Sources */ = {
			isa = PBXSourcesBuildPhase;
			buildActionMask = 2147483647;
			files = (
				7B590CC02CDE13F900C31FC5 /* LoginViewModelTest.swift in Sources */,
				7B8DC09B2CDA20A000E91177 /* TestPipelinesTests.swift in Sources */,
			);
			runOnlyForDeploymentPostprocessing = 0;
		};
		7B8DC09C2CDA20A000E91177 /* Sources */ = {
			isa = PBXSourcesBuildPhase;
			buildActionMask = 2147483647;
			files = (
				7B8DC0A72CDA20A000E91177 /* TestPipelinesUITestsLaunchTests.swift in Sources */,
				7B8DC0A52CDA20A000E91177 /* TestPipelinesUITests.swift in Sources */,
			);
			runOnlyForDeploymentPostprocessing = 0;
		};
/* End PBXSourcesBuildPhase section */

/* Begin PBXTargetDependency section */
		7B8DC0982CDA20A000E91177 /* PBXTargetDependency */ = {
			isa = PBXTargetDependency;
			target = 7B8DC0832CDA209E00E91177 /* TestPipelines */;
			targetProxy = 7B8DC0972CDA20A000E91177 /* PBXContainerItemProxy */;
		};
		7B8DC0A22CDA20A000E91177 /* PBXTargetDependency */ = {
			isa = PBXTargetDependency;
			target = 7B8DC0832CDA209E00E91177 /* TestPipelines */;
			targetProxy = 7B8DC0A12CDA20A000E91177 /* PBXContainerItemProxy */;
		};
/* End PBXTargetDependency section */

/* Begin XCBuildConfiguration section */
		7B8DC0A82CDA20A000E91177 /* Debug */ = {
			isa = XCBuildConfiguration;
			buildSettings = {
				ALWAYS_SEARCH_USER_PATHS = NO;
				ASSETCATALOG_COMPILER_GENERATE_SWIFT_ASSET_SYMBOL_EXTENSIONS = YES;
				CLANG_ANALYZER_NONNULL = YES;
				CLANG_ANALYZER_NUMBER_OBJECT_CONVERSION = YES_AGGRESSIVE;
				CLANG_CXX_LANGUAGE_STANDARD = "gnu++20";
				CLANG_ENABLE_MODULES = YES;
				CLANG_ENABLE_OBJC_ARC = YES;
				CLANG_ENABLE_OBJC_WEAK = YES;
				CLANG_WARN_BLOCK_CAPTURE_AUTORELEASING = YES;
				CLANG_WARN_BOOL_CONVERSION = YES;
				CLANG_WARN_COMMA = YES;
				CLANG_WARN_CONSTANT_CONVERSION = YES;
				CLANG_WARN_DEPRECATED_OBJC_IMPLEMENTATIONS = YES;
				CLANG_WARN_DIRECT_OBJC_ISA_USAGE = YES_ERROR;
				CLANG_WARN_DOCUMENTATION_COMMENTS = YES;
				CLANG_WARN_EMPTY_BODY = YES;
				CLANG_WARN_ENUM_CONVERSION = YES;
				CLANG_WARN_INFINITE_RECURSION = YES;
				CLANG_WARN_INT_CONVERSION = YES;
				CLANG_WARN_NON_LITERAL_NULL_CONVERSION = YES;
				CLANG_WARN_OBJC_IMPLICIT_RETAIN_SELF = YES;
				CLANG_WARN_OBJC_LITERAL_CONVERSION = YES;
				CLANG_WARN_OBJC_ROOT_CLASS = YES_ERROR;
				CLANG_WARN_QUOTED_INCLUDE_IN_FRAMEWORK_HEADER = YES;
				CLANG_WARN_RANGE_LOOP_ANALYSIS = YES;
				CLANG_WARN_STRICT_PROTOTYPES = YES;
				CLANG_WARN_SUSPICIOUS_MOVE = YES;
				CLANG_WARN_UNGUARDED_AVAILABILITY = YES_AGGRESSIVE;
				CLANG_WARN_UNREACHABLE_CODE = YES;
				CLANG_WARN__DUPLICATE_METHOD_MATCH = YES;
				COPY_PHASE_STRIP = NO;
				DEBUG_INFORMATION_FORMAT = dwarf;
				ENABLE_STRICT_OBJC_MSGSEND = YES;
				ENABLE_TESTABILITY = YES;
				ENABLE_USER_SCRIPT_SANDBOXING = YES;
				GCC_C_LANGUAGE_STANDARD = gnu17;
				GCC_DYNAMIC_NO_PIC = NO;
				GCC_NO_COMMON_BLOCKS = YES;
				GCC_OPTIMIZATION_LEVEL = 0;
				GCC_PREPROCESSOR_DEFINITIONS = (
					"DEBUG=1",
					"$(inherited)",
				);
				GCC_WARN_64_TO_32_BIT_CONVERSION = YES;
				GCC_WARN_ABOUT_RETURN_TYPE = YES_ERROR;
				GCC_WARN_UNDECLARED_SELECTOR = YES;
				GCC_WARN_UNINITIALIZED_AUTOS = YES_AGGRESSIVE;
				GCC_WARN_UNUSED_FUNCTION = YES;
				GCC_WARN_UNUSED_VARIABLE = YES;
				IPHONEOS_DEPLOYMENT_TARGET = 17.5;
				LOCALIZATION_PREFERS_STRING_CATALOGS = YES;
				MTL_ENABLE_DEBUG_INFO = INCLUDE_SOURCE;
				MTL_FAST_MATH = YES;
				ONLY_ACTIVE_ARCH = YES;
				SDKROOT = iphoneos;
				SWIFT_ACTIVE_COMPILATION_CONDITIONS = "DEBUG $(inherited)";
				SWIFT_OPTIMIZATION_LEVEL = "-Onone";
			};
			name = Debug;
		};
		7B8DC0A92CDA20A000E91177 /* Release */ = {
			isa = XCBuildConfiguration;
			buildSettings = {
				ALWAYS_SEARCH_USER_PATHS = NO;
				ASSETCATALOG_COMPILER_GENERATE_SWIFT_ASSET_SYMBOL_EXTENSIONS = YES;
				CLANG_ANALYZER_NONNULL = YES;
				CLANG_ANALYZER_NUMBER_OBJECT_CONVERSION = YES_AGGRESSIVE;
				CLANG_CXX_LANGUAGE_STANDARD = "gnu++20";
				CLANG_ENABLE_MODULES = YES;
				CLANG_ENABLE_OBJC_ARC = YES;
				CLANG_ENABLE_OBJC_WEAK = YES;
				CLANG_WARN_BLOCK_CAPTURE_AUTORELEASING = YES;
				CLANG_WARN_BOOL_CONVERSION = YES;
				CLANG_WARN_COMMA = YES;
				CLANG_WARN_CONSTANT_CONVERSION = YES;
				CLANG_WARN_DEPRECATED_OBJC_IMPLEMENTATIONS = YES;
				CLANG_WARN_DIRECT_OBJC_ISA_USAGE = YES_ERROR;
				CLANG_WARN_DOCUMENTATION_COMMENTS = YES;
				CLANG_WARN_EMPTY_BODY = YES;
				CLANG_WARN_ENUM_CONVERSION = YES;
				CLANG_WARN_INFINITE_RECURSION = YES;
				CLANG_WARN_INT_CONVERSION = YES;
				CLANG_WARN_NON_LITERAL_NULL_CONVERSION = YES;
				CLANG_WARN_OBJC_IMPLICIT_RETAIN_SELF = YES;
				CLANG_WARN_OBJC_LITERAL_CONVERSION = YES;
				CLANG_WARN_OBJC_ROOT_CLASS = YES_ERROR;
				CLANG_WARN_QUOTED_INCLUDE_IN_FRAMEWORK_HEADER = YES;
				CLANG_WARN_RANGE_LOOP_ANALYSIS = YES;
				CLANG_WARN_STRICT_PROTOTYPES = YES;
				CLANG_WARN_SUSPICIOUS_MOVE = YES;
				CLANG_WARN_UNGUARDED_AVAILABILITY = YES_AGGRESSIVE;
				CLANG_WARN_UNREACHABLE_CODE = YES;
				CLANG_WARN__DUPLICATE_METHOD_MATCH = YES;
				COPY_PHASE_STRIP = NO;
				DEBUG_INFORMATION_FORMAT = "dwarf-with-dsym";
				ENABLE_NS_ASSERTIONS = NO;
				ENABLE_STRICT_OBJC_MSGSEND = YES;
				ENABLE_USER_SCRIPT_SANDBOXING = YES;
				GCC_C_LANGUAGE_STANDARD = gnu17;
				GCC_NO_COMMON_BLOCKS = YES;
				GCC_WARN_64_TO_32_BIT_CONVERSION = YES;
				GCC_WARN_ABOUT_RETURN_TYPE = YES_ERROR;
				GCC_WARN_UNDECLARED_SELECTOR = YES;
				GCC_WARN_UNINITIALIZED_AUTOS = YES_AGGRESSIVE;
				GCC_WARN_UNUSED_FUNCTION = YES;
				GCC_WARN_UNUSED_VARIABLE = YES;
				IPHONEOS_DEPLOYMENT_TARGET = 17.5;
				LOCALIZATION_PREFERS_STRING_CATALOGS = YES;
				MTL_ENABLE_DEBUG_INFO = NO;
				MTL_FAST_MATH = YES;
				SDKROOT = iphoneos;
				SWIFT_COMPILATION_MODE = wholemodule;
				VALIDATE_PRODUCT = YES;
			};
			name = Release;
		};
		7B8DC0AB2CDA20A000E91177 /* Debug */ = {
			isa = XCBuildConfiguration;
			baseConfigurationReference = 46547ADF6CD8A5D793250AF8 /* Pods-TestPipelines.debug.xcconfig */;
			buildSettings = {
				ASSETCATALOG_COMPILER_APPICON_NAME = AppIcon;
				ASSETCATALOG_COMPILER_GLOBAL_ACCENT_COLOR_NAME = AccentColor;
				CODE_SIGN_STYLE = Automatic;
				CURRENT_PROJECT_VERSION = 1;
				DEVELOPMENT_ASSET_PATHS = "\"TestPipelines/Preview Content\"";
				DEVELOPMENT_TEAM = "";
				ENABLE_PREVIEWS = YES;
				GENERATE_INFOPLIST_FILE = YES;
				INFOPLIST_KEY_UIApplicationSceneManifest_Generation = YES;
				INFOPLIST_KEY_UIApplicationSupportsIndirectInputEvents = YES;
				INFOPLIST_KEY_UILaunchScreen_Generation = YES;
				INFOPLIST_KEY_UISupportedInterfaceOrientations_iPad = "UIInterfaceOrientationPortrait UIInterfaceOrientationPortraitUpsideDown UIInterfaceOrientationLandscapeLeft UIInterfaceOrientationLandscapeRight";
				INFOPLIST_KEY_UISupportedInterfaceOrientations_iPhone = "UIInterfaceOrientationPortrait UIInterfaceOrientationLandscapeLeft UIInterfaceOrientationLandscapeRight";
				LD_RUNPATH_SEARCH_PATHS = (
					"$(inherited)",
					"@executable_path/Frameworks",
				);
				MARKETING_VERSION = 1.0;
				PRODUCT_BUNDLE_IDENTIFIER = com.usman.TestPipelines;
				PRODUCT_NAME = "$(TARGET_NAME)";
				SWIFT_EMIT_LOC_STRINGS = YES;
				SWIFT_VERSION = 5.0;
				TARGETED_DEVICE_FAMILY = "1,2";
			};
			name = Debug;
		};
		7B8DC0AC2CDA20A000E91177 /* Release */ = {
			isa = XCBuildConfiguration;
			baseConfigurationReference = C2185677070906CF8B02EC30 /* Pods-TestPipelines.release.xcconfig */;
			buildSettings = {
				ASSETCATALOG_COMPILER_APPICON_NAME = AppIcon;
				ASSETCATALOG_COMPILER_GLOBAL_ACCENT_COLOR_NAME = AccentColor;
				CODE_SIGN_STYLE = Automatic;
				CURRENT_PROJECT_VERSION = 1;
				DEVELOPMENT_ASSET_PATHS = "\"TestPipelines/Preview Content\"";
				DEVELOPMENT_TEAM = "";
				ENABLE_PREVIEWS = YES;
				GENERATE_INFOPLIST_FILE = YES;
				INFOPLIST_KEY_UIApplicationSceneManifest_Generation = YES;
				INFOPLIST_KEY_UIApplicationSupportsIndirectInputEvents = YES;
				INFOPLIST_KEY_UILaunchScreen_Generation = YES;
				INFOPLIST_KEY_UISupportedInterfaceOrientations_iPad = "UIInterfaceOrientationPortrait UIInterfaceOrientationPortraitUpsideDown UIInterfaceOrientationLandscapeLeft UIInterfaceOrientationLandscapeRight";
				INFOPLIST_KEY_UISupportedInterfaceOrientations_iPhone = "UIInterfaceOrientationPortrait UIInterfaceOrientationLandscapeLeft UIInterfaceOrientationLandscapeRight";
				LD_RUNPATH_SEARCH_PATHS = (
					"$(inherited)",
					"@executable_path/Frameworks",
				);
				MARKETING_VERSION = 1.0;
				PRODUCT_BUNDLE_IDENTIFIER = com.usman.TestPipelines;
				PRODUCT_NAME = "$(TARGET_NAME)";
				SWIFT_EMIT_LOC_STRINGS = YES;
				SWIFT_VERSION = 5.0;
				TARGETED_DEVICE_FAMILY = "1,2";
			};
			name = Release;
		};
		7B8DC0AE2CDA20A000E91177 /* Debug */ = {
			isa = XCBuildConfiguration;
			baseConfigurationReference = 1E056CCB877C5AE12BDDB24E /* Pods-TestPipelinesTests.debug.xcconfig */;
			buildSettings = {
				BUNDLE_LOADER = "$(TEST_HOST)";
				CODE_SIGN_STYLE = Automatic;
				CURRENT_PROJECT_VERSION = 1;
				DEVELOPMENT_TEAM = "";
				GENERATE_INFOPLIST_FILE = YES;
				IPHONEOS_DEPLOYMENT_TARGET = 17.5;
				MARKETING_VERSION = 1.0;
				PRODUCT_BUNDLE_IDENTIFIER = com.usman.TestPipelinesTests;
				PRODUCT_NAME = "$(TARGET_NAME)";
				SWIFT_EMIT_LOC_STRINGS = NO;
				SWIFT_VERSION = 5.0;
				TARGETED_DEVICE_FAMILY = "1,2";
				TEST_HOST = "$(BUILT_PRODUCTS_DIR)/TestPipelines.app/$(BUNDLE_EXECUTABLE_FOLDER_PATH)/TestPipelines";
			};
			name = Debug;
		};
		7B8DC0AF2CDA20A000E91177 /* Release */ = {
			isa = XCBuildConfiguration;
			baseConfigurationReference = A2910E48F3F4090007674E8B /* Pods-TestPipelinesTests.release.xcconfig */;
			buildSettings = {
				BUNDLE_LOADER = "$(TEST_HOST)";
				CODE_SIGN_STYLE = Automatic;
				CURRENT_PROJECT_VERSION = 1;
				DEVELOPMENT_TEAM = "";
				GENERATE_INFOPLIST_FILE = YES;
				IPHONEOS_DEPLOYMENT_TARGET = 17.5;
				MARKETING_VERSION = 1.0;
				PRODUCT_BUNDLE_IDENTIFIER = com.usman.TestPipelinesTests;
				PRODUCT_NAME = "$(TARGET_NAME)";
				SWIFT_EMIT_LOC_STRINGS = NO;
				SWIFT_VERSION = 5.0;
				TARGETED_DEVICE_FAMILY = "1,2";
				TEST_HOST = "$(BUILT_PRODUCTS_DIR)/TestPipelines.app/$(BUNDLE_EXECUTABLE_FOLDER_PATH)/TestPipelines";
			};
			name = Release;
		};
		7B8DC0B12CDA20A000E91177 /* Debug */ = {
			isa = XCBuildConfiguration;
			baseConfigurationReference = EB197CE619CB6B0DC5CF5510 /* Pods-TestPipelines-TestPipelinesUITests.debug.xcconfig */;
			buildSettings = {
				CODE_SIGN_STYLE = Automatic;
				CURRENT_PROJECT_VERSION = 1;
				DEVELOPMENT_TEAM = "";
				GENERATE_INFOPLIST_FILE = YES;
				MARKETING_VERSION = 1.0;
				PRODUCT_BUNDLE_IDENTIFIER = com.usman.TestPipelinesUITests;
				PRODUCT_NAME = "$(TARGET_NAME)";
				SWIFT_EMIT_LOC_STRINGS = NO;
				SWIFT_VERSION = 5.0;
				TARGETED_DEVICE_FAMILY = "1,2";
				TEST_TARGET_NAME = TestPipelines;
			};
			name = Debug;
		};
		7B8DC0B22CDA20A000E91177 /* Release */ = {
			isa = XCBuildConfiguration;
			baseConfigurationReference = D34D520083641FD515377A12 /* Pods-TestPipelines-TestPipelinesUITests.release.xcconfig */;
			buildSettings = {
				CODE_SIGN_STYLE = Automatic;
				CURRENT_PROJECT_VERSION = 1;
				DEVELOPMENT_TEAM = B92J263PCJ;
				GENERATE_INFOPLIST_FILE = YES;
				MARKETING_VERSION = 1.0;
				PRODUCT_BUNDLE_IDENTIFIER = com.usman.TestPipelinesUITests;
				PRODUCT_NAME = "$(TARGET_NAME)";
				SWIFT_EMIT_LOC_STRINGS = NO;
				SWIFT_VERSION = 5.0;
				TARGETED_DEVICE_FAMILY = "1,2";
				TEST_TARGET_NAME = TestPipelines;
			};
			name = Release;
		};
/* End XCBuildConfiguration section */

/* Begin XCConfigurationList section */
		7B8DC07F2CDA209E00E91177 /* Build configuration list for PBXProject "TestPipelines" */ = {
			isa = XCConfigurationList;
			buildConfigurations = (
				7B8DC0A82CDA20A000E91177 /* Debug */,
				7B8DC0A92CDA20A000E91177 /* Release */,
			);
			defaultConfigurationIsVisible = 0;
			defaultConfigurationName = Release;
		};
		7B8DC0AA2CDA20A000E91177 /* Build configuration list for PBXNativeTarget "TestPipelines" */ = {
			isa = XCConfigurationList;
			buildConfigurations = (
				7B8DC0AB2CDA20A000E91177 /* Debug */,
				7B8DC0AC2CDA20A000E91177 /* Release */,
			);
			defaultConfigurationIsVisible = 0;
			defaultConfigurationName = Release;
		};
		7B8DC0AD2CDA20A000E91177 /* Build configuration list for PBXNativeTarget "TestPipelinesTests" */ = {
			isa = XCConfigurationList;
			buildConfigurations = (
				7B8DC0AE2CDA20A000E91177 /* Debug */,
				7B8DC0AF2CDA20A000E91177 /* Release */,
			);
			defaultConfigurationIsVisible = 0;
			defaultConfigurationName = Release;
		};
		7B8DC0B02CDA20A000E91177 /* Build configuration list for PBXNativeTarget "TestPipelinesUITests" */ = {
			isa = XCConfigurationList;
			buildConfigurations = (
				7B8DC0B12CDA20A000E91177 /* Debug */,
				7B8DC0B22CDA20A000E91177 /* Release */,
			);
			defaultConfigurationIsVisible = 0;
			defaultConfigurationName = Release;
		};
/* End XCConfigurationList section */
	};
	rootObject = 7B8DC07C2CDA209E00E91177 /* Project object */;
}
